{
  "name": "@npeersab/msgreader",
  "version": "3.9.8",
  "lockfileVersion": 3,
  "requires": true,
  "packages": {
    "": {
      "name": "@npeersab/msgreader",
      "version": "3.9.8",
      "license": "ISC",
      "dependencies": {
        "fast-text-encoding": "1.0.3"
      },
      "devDependencies": {
        "typescript": "3.9.8"
      }
    },
    "node_modules/fast-text-encoding": {
      "version": "1.0.3",
      "resolved": "https://registry.npmjs.org/fast-text-encoding/-/fast-text-encoding-1.0.3.tgz",
      "integrity": "sha512-dtm4QZH9nZtcDt8qJiOH9fcQd1NAgi+K1O2DbE6GG1PPCK/BWfOH3idCTRQ4ImXRUOyopDEgDEnVEE7Y/2Wrig=="
    },
    "node_modules/typescript": {
      "version": "3.9.8",
      "resolved": "https://registry.npmjs.org/typescript/-/typescript-3.9.8.tgz",
      "integrity": "sha512-nDbnFkUZZjkQ92qwKX+C+jtk4OGfU8H9toSEs3uAsl8cxLjG2sqQm6leF/pLWvm9FAEJ6KHkYMAbHYaY2ITeVg==",
      "dev": true,
      "license": "Apache-2.0",
      "bin": {
        "tsc": "bin/tsc",
        "tsserver": "bin/tsserver"
      },
      "engines": {
        "node": ">=4.2.0"
      }
    }
  }
}
